
Microsoft Visual Studio Solution File, Format Version 12.00
# Visual Studio 15
VisualStudioVersion = 15.0.26430.16
MinimumVisualStudioVersion = 10.0.40219.1
Project("{2150E333-8FDC-42A3-9474-1A3956D46DE8}") = "src", "src", "{61B6166E-F2F6-4870-B9C6-4C78EDCB78E6}"
EndProject
Project("{2150E333-8FDC-42A3-9474-1A3956D46DE8}") = "test", "test", "{992B9C4C-E64D-4D95-93D2-51AF1802A6BD}"
EndProject
Project("{9A19103F-16F7-4668-BE54-9A1E7A4F7556}") = "Innovation.Api", "src\Innovation.Api\Innovation.Api.csproj", "{603FB058-F51F-4F83-B10D-D16DCAC88831}"
EndProject
Project("{9A19103F-16F7-4668-BE54-9A1E7A4F7556}") = "Innovation.ServiceBus.InProcess", "src\Innovation.ServiceBus.InProcess\Innovation.ServiceBus.InProcess.csproj", "{9916D0C0-B22C-4034-AE35-382ABB2CAF6D}"
EndProject
Project("{9A19103F-16F7-4668-BE54-9A1E7A4F7556}") = "Innovation.ApiSample", "test\Innovation.ApiSample\Innovation.ApiSample.csproj", "{DA78B66F-94E1-45B9-A19F-303933C59F56}"
EndProject
Project("{9A19103F-16F7-4668-BE54-9A1E7A4F7556}") = "Innovation.SampleApi.Consumer", "test\Innovation.SampleApi.Consumer\Innovation.SampleApi.Consumer.csproj", "{6B0466BC-8BB7-4822-B050-D089E3515F32}"
EndProject
Project("{9A19103F-16F7-4668-BE54-9A1E7A4F7556}") = "Innovation.ServiceBus.InProcess.Tests", "test\Innovation.ServiceBus.InProcess.Tests\Innovation.ServiceBus.InProcess.Tests.csproj", "{63A93D5A-EEBF-4A81-BCD6-91D868038527}"
EndProject
Project("{2150E333-8FDC-42A3-9474-1A3956D46DE8}") = "samples", "samples", "{7462334A-ADA7-4321-9560-8C4FB228A933}"
EndProject
Project("{9A19103F-16F7-4668-BE54-9A1E7A4F7556}") = "Innovation.Sample.Web", "samples\Innovation.Sample.Web\Innovation.Sample.Web.csproj", "{B72B8106-838B-4521-9BA4-6CBB27559C91}"
EndProject
Project("{9A19103F-16F7-4668-BE54-9A1E7A4F7556}") = "Innovation.Sample.Data", "samples\Innovation.Sample.Data\Innovation.Sample.Data.csproj", "{D6FC7C63-AA89-4486-8E28-88549C431DC2}"
EndProject
Project("{9A19103F-16F7-4668-BE54-9A1E7A4F7556}") = "Innovation.Sample.Api", "samples\Innovation.Sample.Api\Innovation.Sample.Api.csproj", "{D92B418A-18FB-4780-8C52-910D6249627D}"
EndProject
Project("{9A19103F-16F7-4668-BE54-9A1E7A4F7556}") = "Innovation.Sample.Console", "samples\Innovation.Sample.Console\Innovation.Sample.Console.csproj", "{3ECB4ECF-09D1-4C38-8568-4688405C43C0}"
EndProject
Project("{2150E333-8FDC-42A3-9474-1A3956D46DE8}") = "Solution Items", "Solution Items", "{95B24DAB-DC77-4258-BD8F-4A3BC97F9519}"
	ProjectSection(SolutionItems) = preProject
		README.md = README.md
	EndProjectSection
EndProject
Global
	GlobalSection(SolutionConfigurationPlatforms) = preSolution
		Debug|Any CPU = Debug|Any CPU
		Release|Any CPU = Release|Any CPU
	EndGlobalSection
	GlobalSection(ProjectConfigurationPlatforms) = postSolution
		{603FB058-F51F-4F83-B10D-D16DCAC88831}.Debug|Any CPU.ActiveCfg = Debug|Any CPU
		{603FB058-F51F-4F83-B10D-D16DCAC88831}.Debug|Any CPU.Build.0 = Debug|Any CPU
		{603FB058-F51F-4F83-B10D-D16DCAC88831}.Release|Any CPU.ActiveCfg = Release|Any CPU
		{603FB058-F51F-4F83-B10D-D16DCAC88831}.Release|Any CPU.Build.0 = Release|Any CPU
		{9916D0C0-B22C-4034-AE35-382ABB2CAF6D}.Debug|Any CPU.ActiveCfg = Debug|Any CPU
		{9916D0C0-B22C-4034-AE35-382ABB2CAF6D}.Debug|Any CPU.Build.0 = Debug|Any CPU
		{9916D0C0-B22C-4034-AE35-382ABB2CAF6D}.Release|Any CPU.ActiveCfg = Release|Any CPU
		{9916D0C0-B22C-4034-AE35-382ABB2CAF6D}.Release|Any CPU.Build.0 = Release|Any CPU
		{DA78B66F-94E1-45B9-A19F-303933C59F56}.Debug|Any CPU.ActiveCfg = Debug|Any CPU
		{DA78B66F-94E1-45B9-A19F-303933C59F56}.Debug|Any CPU.Build.0 = Debug|Any CPU
		{DA78B66F-94E1-45B9-A19F-303933C59F56}.Release|Any CPU.ActiveCfg = Release|Any CPU
		{DA78B66F-94E1-45B9-A19F-303933C59F56}.Release|Any CPU.Build.0 = Release|Any CPU
		{6B0466BC-8BB7-4822-B050-D089E3515F32}.Debug|Any CPU.ActiveCfg = Debug|Any CPU
		{6B0466BC-8BB7-4822-B050-D089E3515F32}.Debug|Any CPU.Build.0 = Debug|Any CPU
		{6B0466BC-8BB7-4822-B050-D089E3515F32}.Release|Any CPU.ActiveCfg = Release|Any CPU
		{6B0466BC-8BB7-4822-B050-D089E3515F32}.Release|Any CPU.Build.0 = Release|Any CPU
		{63A93D5A-EEBF-4A81-BCD6-91D868038527}.Debug|Any CPU.ActiveCfg = Debug|Any CPU
		{63A93D5A-EEBF-4A81-BCD6-91D868038527}.Debug|Any CPU.Build.0 = Debug|Any CPU
		{63A93D5A-EEBF-4A81-BCD6-91D868038527}.Release|Any CPU.ActiveCfg = Release|Any CPU
		{63A93D5A-EEBF-4A81-BCD6-91D868038527}.Release|Any CPU.Build.0 = Release|Any CPU
		{B72B8106-838B-4521-9BA4-6CBB27559C91}.Debug|Any CPU.ActiveCfg = Debug|Any CPU
		{B72B8106-838B-4521-9BA4-6CBB27559C91}.Debug|Any CPU.Build.0 = Debug|Any CPU
		{B72B8106-838B-4521-9BA4-6CBB27559C91}.Release|Any CPU.ActiveCfg = Release|Any CPU
		{B72B8106-838B-4521-9BA4-6CBB27559C91}.Release|Any CPU.Build.0 = Release|Any CPU
		{D6FC7C63-AA89-4486-8E28-88549C431DC2}.Debug|Any CPU.ActiveCfg = Debug|Any CPU
		{D6FC7C63-AA89-4486-8E28-88549C431DC2}.Debug|Any CPU.Build.0 = Debug|Any CPU
		{D6FC7C63-AA89-4486-8E28-88549C431DC2}.Release|Any CPU.ActiveCfg = Release|Any CPU
		{D6FC7C63-AA89-4486-8E28-88549C431DC2}.Release|Any CPU.Build.0 = Release|Any CPU
		{D92B418A-18FB-4780-8C52-910D6249627D}.Debug|Any CPU.ActiveCfg = Debug|Any CPU
		{D92B418A-18FB-4780-8C52-910D6249627D}.Debug|Any CPU.Build.0 = Debug|Any CPU
		{D92B418A-18FB-4780-8C52-910D6249627D}.Release|Any CPU.ActiveCfg = Release|Any CPU
		{D92B418A-18FB-4780-8C52-910D6249627D}.Release|Any CPU.Build.0 = Release|Any CPU
		{3ECB4ECF-09D1-4C38-8568-4688405C43C0}.Debug|Any CPU.ActiveCfg = Debug|Any CPU
		{3ECB4ECF-09D1-4C38-8568-4688405C43C0}.Debug|Any CPU.Build.0 = Debug|Any CPU
		{3ECB4ECF-09D1-4C38-8568-4688405C43C0}.Release|Any CPU.ActiveCfg = Release|Any CPU
		{3ECB4ECF-09D1-4C38-8568-4688405C43C0}.Release|Any CPU.Build.0 = Release|Any CPU
	EndGlobalSection
	GlobalSection(SolutionProperties) = preSolution
		HideSolutionNode = FALSE
	EndGlobalSection
	GlobalSection(NestedProjects) = preSolution
		{603FB058-F51F-4F83-B10D-D16DCAC88831} = {61B6166E-F2F6-4870-B9C6-4C78EDCB78E6}
		{9916D0C0-B22C-4034-AE35-382ABB2CAF6D} = {61B6166E-F2F6-4870-B9C6-4C78EDCB78E6}
		{DA78B66F-94E1-45B9-A19F-303933C59F56} = {992B9C4C-E64D-4D95-93D2-51AF1802A6BD}
		{6B0466BC-8BB7-4822-B050-D089E3515F32} = {992B9C4C-E64D-4D95-93D2-51AF1802A6BD}
		{63A93D5A-EEBF-4A81-BCD6-91D868038527} = {992B9C4C-E64D-4D95-93D2-51AF1802A6BD}
		{B72B8106-838B-4521-9BA4-6CBB27559C91} = {7462334A-ADA7-4321-9560-8C4FB228A933}
		{D6FC7C63-AA89-4486-8E28-88549C431DC2} = {7462334A-ADA7-4321-9560-8C4FB228A933}
		{D92B418A-18FB-4780-8C52-910D6249627D} = {7462334A-ADA7-4321-9560-8C4FB228A933}
		{3ECB4ECF-09D1-4C38-8568-4688405C43C0} = {7462334A-ADA7-4321-9560-8C4FB228A933}
	EndGlobalSection
EndGlobal
